
Microsoft Visual Studio Solution File, Format Version 12.00
# Visual Studio Version 16
VisualStudioVersion = 16.0.30011.22
MinimumVisualStudioVersion = 10.0.40219.1
Project("{FAE04EC0-301F-11D3-BF4B-00C04F79EFBC}") = "EShop.APIGateway", "EShop.APIGateway\EShop.APIGateway.csproj", "{5654EB33-121C-4367-8056-019D755C30F5}"
EndProject
Project("{FAE04EC0-301F-11D3-BF4B-00C04F79EFBC}") = "EShop.User.Api", "EShop.User.Api\EShop.User.Api.csproj", "{AE22B170-3476-4669-A455-EF09E602DFCE}"
EndProject
Project("{FAE04EC0-301F-11D3-BF4B-00C04F79EFBC}") = "EShop.Product.Api", "EShop.Product.Api\EShop.Product.Api.csproj", "{B6C14D79-BE39-407B-A2F3-3CA3EF6A1263}"
EndProject
Project("{FAE04EC0-301F-11D3-BF4B-00C04F79EFBC}") = "EShop.Order.Api", "EShop.Order.Api\EShop.Order.Api.csproj", "{7A723B87-E095-4B5D-8F41-F6F0D6BC3FBD}"
EndProject
Project("{FAE04EC0-301F-11D3-BF4B-00C04F79EFBC}") = "EShop.Infrastructure", "EShop.Infrastructure\EShop.Infrastructure.csproj", "{80CE7A7A-CF7F-42F5-9819-FAE64FCC2706}"
EndProject
Global
	GlobalSection(SolutionConfigurationPlatforms) = preSolution
		Debug|Any CPU = Debug|Any CPU
		Release|Any CPU = Release|Any CPU
	EndGlobalSection
	GlobalSection(ProjectConfigurationPlatforms) = postSolution
		{5654EB33-121C-4367-8056-019D755C30F5}.Debug|Any CPU.ActiveCfg = Debug|Any CPU
		{5654EB33-121C-4367-8056-019D755C30F5}.Debug|Any CPU.Build.0 = Debug|Any CPU
		{5654EB33-121C-4367-8056-019D755C30F5}.Release|Any CPU.ActiveCfg = Release|Any CPU
		{5654EB33-121C-4367-8056-019D755C30F5}.Release|Any CPU.Build.0 = Release|Any CPU
		{AE22B170-3476-4669-A455-EF09E602DFCE}.Debug|Any CPU.ActiveCfg = Debug|Any CPU
		{AE22B170-3476-4669-A455-EF09E602DFCE}.Debug|Any CPU.Build.0 = Debug|Any CPU
		{AE22B170-3476-4669-A455-EF09E602DFCE}.Release|Any CPU.ActiveCfg = Release|Any CPU
		{AE22B170-3476-4669-A455-EF09E602DFCE}.Release|Any CPU.Build.0 = Release|Any CPU
		{B6C14D79-BE39-407B-A2F3-3CA3EF6A1263}.Debug|Any CPU.ActiveCfg = Debug|Any CPU
		{B6C14D79-BE39-407B-A2F3-3CA3EF6A1263}.Debug|Any CPU.Build.0 = Debug|Any CPU
		{B6C14D79-BE39-407B-A2F3-3CA3EF6A1263}.Release|Any CPU.ActiveCfg = Release|Any CPU
		{B6C14D79-BE39-407B-A2F3-3CA3EF6A1263}.Release|Any CPU.Build.0 = Release|Any CPU
		{7A723B87-E095-4B5D-8F41-F6F0D6BC3FBD}.Debug|Any CPU.ActiveCfg = Debug|Any CPU
		{7A723B87-E095-4B5D-8F41-F6F0D6BC3FBD}.Debug|Any CPU.Build.0 = Debug|Any CPU
		{7A723B87-E095-4B5D-8F41-F6F0D6BC3FBD}.Release|Any CPU.ActiveCfg = Release|Any CPU
		{7A723B87-E095-4B5D-8F41-F6F0D6BC3FBD}.Release|Any CPU.Build.0 = Release|Any CPU
		{80CE7A7A-CF7F-42F5-9819-FAE64FCC2706}.Debug|Any CPU.ActiveCfg = Debug|Any CPU
		{80CE7A7A-CF7F-42F5-9819-FAE64FCC2706}.Debug|Any CPU.Build.0 = Debug|Any CPU
		{80CE7A7A-CF7F-42F5-9819-FAE64FCC2706}.Release|Any CPU.ActiveCfg = Release|Any CPU
		{80CE7A7A-CF7F-42F5-9819-FAE64FCC2706}.Release|Any CPU.Build.0 = Release|Any CPU
	EndGlobalSection
	GlobalSection(SolutionProperties) = preSolution
		HideSolutionNode = FALSE
	EndGlobalSection
	GlobalSection(ExtensibilityGlobals) = postSolution
		SolutionGuid = {3393ECB8-EF89-4276-9A14-638BE3BC0248}
	EndGlobalSection
EndGlobal
